
Microsoft Visual Studio Solution File, Format Version 12.00
# Visual Studio Version 18
VisualStudioVersion = 18.3.11312.210 d18.3
MinimumVisualStudioVersion = 10.0.40219.1
Project("{FAE04EC0-301F-11D3-BF4B-00C04F79EFBC}") = "Local Backup Creator", "Local Backup Creator.csproj", "{2317017E-8250-4F47-9E34-15B5867FE351}"
EndProject
Global
	GlobalSection(SolutionConfigurationPlatforms) = preSolution
		Debug|Any CPU = Debug|Any CPU
		Release|Any CPU = Release|Any CPU
	EndGlobalSection
	GlobalSection(ProjectConfigurationPlatforms) = postSolution
		{2317017E-8250-4F47-9E34-15B5867FE351}.Debug|Any CPU.ActiveCfg = Debug|Any CPU
		{2317017E-8250-4F47-9E34-15B5867FE351}.Debug|Any CPU.Build.0 = Debug|Any CPU
		{2317017E-8250-4F47-9E34-15B5867FE351}.Release|Any CPU.ActiveCfg = Release|Any CPU
		{2317017E-8250-4F47-9E34-15B5867FE351}.Release|Any CPU.Build.0 = Release|Any CPU
	EndGlobalSection
	GlobalSection(SolutionProperties) = preSolution
		HideSolutionNode = FALSE
	EndGlobalSection
	GlobalSection(ExtensibilityGlobals) = postSolution
		SolutionGuid = {DD988412-8500-4864-B069-3280330F58B1}
	EndGlobalSection
EndGlobal
